
Microsoft Visual Studio Solution File, Format Version 12.00
# Visual Studio Version 17
VisualStudioVersion = 17.5.002.0
MinimumVisualStudioVersion = 10.0.40219.1
Project("{9A19103F-16F7-4668-BE54-9A1E7A4F7556}") = "BlackBeardLucabol", "BlackBeardLucabol.csproj", "{0D64488E-5FDA-4FFB-A824-DC94618F0292}"
EndProject
Global
	GlobalSection(SolutionConfigurationPlatforms) = preSolution
		Debug|Any CPU = Debug|Any CPU
		Release|Any CPU = Release|Any CPU
	EndGlobalSection
	GlobalSection(ProjectConfigurationPlatforms) = postSolution
		{0D64488E-5FDA-4FFB-A824-DC94618F0292}.Debug|Any CPU.ActiveCfg = Debug|Any CPU
		{0D64488E-5FDA-4FFB-A824-DC94618F0292}.Debug|Any CPU.Build.0 = Debug|Any CPU
		{0D64488E-5FDA-4FFB-A824-DC94618F0292}.Release|Any CPU.ActiveCfg = Release|Any CPU
		{0D64488E-5FDA-4FFB-A824-DC94618F0292}.Release|Any CPU.Build.0 = Release|Any CPU
	EndGlobalSection
	GlobalSection(SolutionProperties) = preSolution
		HideSolutionNode = FALSE
	EndGlobalSection
	GlobalSection(ExtensibilityGlobals) = postSolution
		SolutionGuid = {E6CE427F-4448-4C3F-9BAA-CE45257A82B8}
	EndGlobalSection
EndGlobal
